
Microsoft Visual Studio Solution File, Format Version 12.00
# Visual Studio Version 17
VisualStudioVersion = 17.6.33723.286
MinimumVisualStudioVersion = 10.0.40219.1
Project("{9A19103F-16F7-4668-BE54-9A1E7A4F7556}") = "CodeWars4kyu", "CodeWars4kyu\CodeWars4kyu.csproj", "{395AEC6D-7D50-449D-A4F7-98A3BE94FAD4}"
EndProject
Project("{FAE04EC0-301F-11D3-BF4B-00C04F79EFBC}") = "CodeWarsTest", "CodeWarsTest\CodeWarsTest.csproj", "{2270BD81-6E15-4B85-B098-2686D213B3B2}"
EndProject
Global
	GlobalSection(SolutionConfigurationPlatforms) = preSolution
		Debug|Any CPU = Debug|Any CPU
		Release|Any CPU = Release|Any CPU
	EndGlobalSection
	GlobalSection(ProjectConfigurationPlatforms) = postSolution
		{395AEC6D-7D50-449D-A4F7-98A3BE94FAD4}.Debug|Any CPU.ActiveCfg = Debug|Any CPU
		{395AEC6D-7D50-449D-A4F7-98A3BE94FAD4}.Debug|Any CPU.Build.0 = Debug|Any CPU
		{395AEC6D-7D50-449D-A4F7-98A3BE94FAD4}.Release|Any CPU.ActiveCfg = Release|Any CPU
		{395AEC6D-7D50-449D-A4F7-98A3BE94FAD4}.Release|Any CPU.Build.0 = Release|Any CPU
		{2270BD81-6E15-4B85-B098-2686D213B3B2}.Debug|Any CPU.ActiveCfg = Debug|Any CPU
		{2270BD81-6E15-4B85-B098-2686D213B3B2}.Debug|Any CPU.Build.0 = Debug|Any CPU
		{2270BD81-6E15-4B85-B098-2686D213B3B2}.Release|Any CPU.ActiveCfg = Release|Any CPU
		{2270BD81-6E15-4B85-B098-2686D213B3B2}.Release|Any CPU.Build.0 = Release|Any CPU
	EndGlobalSection
	GlobalSection(SolutionProperties) = preSolution
		HideSolutionNode = FALSE
	EndGlobalSection
	GlobalSection(ExtensibilityGlobals) = postSolution
		SolutionGuid = {ECED41D6-74B0-431A-8A86-FA3AA053E90F}
	EndGlobalSection
EndGlobal
